
Microsoft Visual Studio Solution File, Format Version 12.00
# Visual Studio 2013
VisualStudioVersion = 12.0.21005.1
MinimumVisualStudioVersion = 10.0.40219.1
Project("{FAE04EC0-301F-11D3-BF4B-00C04F79EFBC}") = "FOR2B2U-Timaverkefni-7", "FOR2B2U-Timaverkefni-7-8\FOR2B2U-Timaverkefni-7.csproj", "{A2FC31EB-7FD6-4612-8AD9-2A46D3A1B912}"
EndProject
Global
	GlobalSection(SolutionConfigurationPlatforms) = preSolution
		Debug|Any CPU = Debug|Any CPU
		Release|Any CPU = Release|Any CPU
	EndGlobalSection
	GlobalSection(ProjectConfigurationPlatforms) = postSolution
		{A2FC31EB-7FD6-4612-8AD9-2A46D3A1B912}.Debug|Any CPU.ActiveCfg = Debug|Any CPU
		{A2FC31EB-7FD6-4612-8AD9-2A46D3A1B912}.Debug|Any CPU.Build.0 = Debug|Any CPU
		{A2FC31EB-7FD6-4612-8AD9-2A46D3A1B912}.Release|Any CPU.ActiveCfg = Release|Any CPU
		{A2FC31EB-7FD6-4612-8AD9-2A46D3A1B912}.Release|Any CPU.Build.0 = Release|Any CPU
	EndGlobalSection
	GlobalSection(SolutionProperties) = preSolution
		HideSolutionNode = FALSE
	EndGlobalSection
EndGlobal
